// !$*UTF8*$!
{
	archiveVersion = 1;
	classes = {
	};
	objectVersion = 46;
	objects = {

/* Begin PBXBuildFile section */
		54063DE61D86EE1C0036FCB5 /* CustomOverlayView.swift in Sources */ = {isa = PBXBuildFile; fileRef = 54063DE51D86EE1C0036FCB5 /* CustomOverlayView.swift */; };
		54063DE81D86EE4D0036FCB5 /* CustomOverlayView.xib in Resources */ = {isa = PBXBuildFile; fileRef = 54063DE71D86EE4D0036FCB5 /* CustomOverlayView.xib */; };
		54063DEB1D8701FA0036FCB5 /* AcroYoga.xcdatamodeld in Sources */ = {isa = PBXBuildFile; fileRef = 54063DE91D8701FA0036FCB5 /* AcroYoga.xcdatamodeld */; };
		540D967B1D8A9E6900D12633 /* LICENSE in Resources */ = {isa = PBXBuildFile; fileRef = 540D966A1D8A9E6900D12633 /* LICENSE */; };
		540D967C1D8A9E6900D12633 /* README.md in Sources */ = {isa = PBXBuildFile; fileRef = 540D966B1D8A9E6900D12633 /* README.md */; };
		540D967D1D8A9E6900D12633 /* ImageDataLoader.swift in Sources */ = {isa = PBXBuildFile; fileRef = 540D966D1D8A9E6900D12633 /* ImageDataLoader.swift */; };
		540D967E1D8A9E6900D12633 /* ImageDecoder.swift in Sources */ = {isa = PBXBuildFile; fileRef = 540D966E1D8A9E6900D12633 /* ImageDecoder.swift */; };
		540D967F1D8A9E6900D12633 /* ImageDiskCache.swift in Sources */ = {isa = PBXBuildFile; fileRef = 540D966F1D8A9E6900D12633 /* ImageDiskCache.swift */; };
		540D96801D8A9E6900D12633 /* ImageLoader.swift in Sources */ = {isa = PBXBuildFile; fileRef = 540D96701D8A9E6900D12633 /* ImageLoader.swift */; };
		540D96811D8A9E6900D12633 /* ImageLoadingView.swift in Sources */ = {isa = PBXBuildFile; fileRef = 540D96711D8A9E6900D12633 /* ImageLoadingView.swift */; };
		540D96821D8A9E6900D12633 /* ImageManager.swift in Sources */ = {isa = PBXBuildFile; fileRef = 540D96721D8A9E6900D12633 /* ImageManager.swift */; };
		540D96831D8A9E6900D12633 /* ImageMemoryCache.swift in Sources */ = {isa = PBXBuildFile; fileRef = 540D96731D8A9E6900D12633 /* ImageMemoryCache.swift */; };
		540D96841D8A9E6900D12633 /* ImageProcessor.swift in Sources */ = {isa = PBXBuildFile; fileRef = 540D96741D8A9E6900D12633 /* ImageProcessor.swift */; };
		540D96851D8A9E6900D12633 /* ImageRequest.swift in Sources */ = {isa = PBXBuildFile; fileRef = 540D96751D8A9E6900D12633 /* ImageRequest.swift */; };
		540D96861D8A9E6900D12633 /* ImageRequestKey.swift in Sources */ = {isa = PBXBuildFile; fileRef = 540D96761D8A9E6900D12633 /* ImageRequestKey.swift */; };
		540D96871D8A9E6900D12633 /* ImageResponse.swift in Sources */ = {isa = PBXBuildFile; fileRef = 540D96771D8A9E6900D12633 /* ImageResponse.swift */; };
		540D96881D8A9E6900D12633 /* ImageTask.swift in Sources */ = {isa = PBXBuildFile; fileRef = 540D96781D8A9E6900D12633 /* ImageTask.swift */; };
		540D96891D8A9E6900D12633 /* Internal.swift in Sources */ = {isa = PBXBuildFile; fileRef = 540D96791D8A9E6900D12633 /* Internal.swift */; };
		540D968A1D8A9E6900D12633 /* Nuke.swift in Sources */ = {isa = PBXBuildFile; fileRef = 540D967A1D8A9E6900D12633 /* Nuke.swift */; };
		540D968D1D8AAFAF00D12633 /* String+.swift in Sources */ = {isa = PBXBuildFile; fileRef = 540D968C1D8AAFAF00D12633 /* String+.swift */; };
		541178461D870E4F00818FD5 /* User+CoreDataProperties.swift in Sources */ = {isa = PBXBuildFile; fileRef = 541178451D870E4F00818FD5 /* User+CoreDataProperties.swift */; };
		541178481D87115A00818FD5 /* User.swift in Sources */ = {isa = PBXBuildFile; fileRef = 541178471D87115A00818FD5 /* User.swift */; };
		541B7F1C1D7D089800DE7426 /* AppDelegate.swift in Sources */ = {isa = PBXBuildFile; fileRef = 541B7E851D7D089800DE7426 /* AppDelegate.swift */; };
		541B7F1D1D7D089800DE7426 /* Assets.xcassets in Resources */ = {isa = PBXBuildFile; fileRef = 541B7E861D7D089800DE7426 /* Assets.xcassets */; };
		541B7F1E1D7D089800DE7426 /* LaunchScreen.storyboard in Resources */ = {isa = PBXBuildFile; fileRef = 541B7E871D7D089800DE7426 /* LaunchScreen.storyboard */; };
		541B7F1F1D7D089800DE7426 /* Main.storyboard in Resources */ = {isa = PBXBuildFile; fileRef = 541B7E891D7D089800DE7426 /* Main.storyboard */; };
		541B7F201D7D089800DE7426 /* TestView.xib in Resources */ = {isa = PBXBuildFile; fileRef = 541B7E8B1D7D089800DE7426 /* TestView.xib */; };
		541B7F221D7D089800DE7426 /* Facebook.swift in Sources */ = {isa = PBXBuildFile; fileRef = 541B7E901D7D089800DE7426 /* Facebook.swift */; };
		541B7F281D7D089800DE7426 /* Info.plist in Resources */ = {isa = PBXBuildFile; fileRef = 541B7E971D7D089800DE7426 /* Info.plist */; };
		541B7F311D7D089800DE7426 /* AHPagingMenuViewController.swift in Sources */ = {isa = PBXBuildFile; fileRef = 541B7EAF1D7D089800DE7426 /* AHPagingMenuViewController.swift */; };
		541B7F611D7D089800DE7426 /* BaseViewController.swift in Sources */ = {isa = PBXBuildFile; fileRef = 541B7EF41D7D089800DE7426 /* BaseViewController.swift */; };
		541B7F631D7D089800DE7426 /* EditViewController.swift in Sources */ = {isa = PBXBuildFile; fileRef = 541B7EF71D7D089800DE7426 /* EditViewController.swift */; };
		541B7F641D7D089800DE7426 /* FavoriteViewController.swift in Sources */ = {isa = PBXBuildFile; fileRef = 541B7EF81D7D089800DE7426 /* FavoriteViewController.swift */; };
		541B7F661D7D089800DE7426 /* LocationViewController.swift in Sources */ = {isa = PBXBuildFile; fileRef = 541B7EFA1D7D089800DE7426 /* LocationViewController.swift */; };
		541B7F671D7D089800DE7426 /* LoginViewController.swift in Sources */ = {isa = PBXBuildFile; fileRef = 541B7EFB1D7D089800DE7426 /* LoginViewController.swift */; };
		541B7F681D7D089800DE7426 /* MainViewController.swift in Sources */ = {isa = PBXBuildFile; fileRef = 541B7EFC1D7D089800DE7426 /* MainViewController.swift */; };
		541B7F691D7D089800DE7426 /* MenuViewController.swift in Sources */ = {isa = PBXBuildFile; fileRef = 541B7EFD1D7D089800DE7426 /* MenuViewController.swift */; };
		541B7F6A1D7D089800DE7426 /* SettingViewController.swift in Sources */ = {isa = PBXBuildFile; fileRef = 541B7EFE1D7D089800DE7426 /* SettingViewController.swift */; };
		541B7F6B1D7D089800DE7426 /* MessageViewController.swift in Sources */ = {isa = PBXBuildFile; fileRef = 541B7EFF1D7D089800DE7426 /* MessageViewController.swift */; };
		5453CB941D89A2B5002B01FA /* WDCropBorderView.swift in Sources */ = {isa = PBXBuildFile; fileRef = 5453CB8E1D89A2B5002B01FA /* WDCropBorderView.swift */; };
		5453CB951D89A2B5002B01FA /* WDImageCropOverlayView.swift in Sources */ = {isa = PBXBuildFile; fileRef = 5453CB8F1D89A2B5002B01FA /* WDImageCropOverlayView.swift */; };
		5453CB961D89A2B5002B01FA /* WDImageCropView.swift in Sources */ = {isa = PBXBuildFile; fileRef = 5453CB901D89A2B5002B01FA /* WDImageCropView.swift */; };
		5453CB971D89A2B5002B01FA /* WDImageCropViewController.swift in Sources */ = {isa = PBXBuildFile; fileRef = 5453CB911D89A2B5002B01FA /* WDImageCropViewController.swift */; };
		5453CB981D89A2B5002B01FA /* WDImagePicker.swift in Sources */ = {isa = PBXBuildFile; fileRef = 5453CB921D89A2B5002B01FA /* WDImagePicker.swift */; };
		5453CB991D89A2B5002B01FA /* WDResizableCropOverlayView.swift in Sources */ = {isa = PBXBuildFile; fileRef = 5453CB931D89A2B5002B01FA /* WDResizableCropOverlayView.swift */; };
		5453CBC41D89AACF002B01FA /* Assets.xcassets in Resources */ = {isa = PBXBuildFile; fileRef = 5453CBB61D89AACF002B01FA /* Assets.xcassets */; };
		5453CBC51D89AACF002B01FA /* FSAlbumView.swift in Sources */ = {isa = PBXBuildFile; fileRef = 5453CBB71D89AACF002B01FA /* FSAlbumView.swift */; };
		5453CBC61D89AACF002B01FA /* FSAlbumView.xib in Resources */ = {isa = PBXBuildFile; fileRef = 5453CBB81D89AACF002B01FA /* FSAlbumView.xib */; };
		5453CBC71D89AACF002B01FA /* FSAlbumViewCell.swift in Sources */ = {isa = PBXBuildFile; fileRef = 5453CBB91D89AACF002B01FA /* FSAlbumViewCell.swift */; };
		5453CBC81D89AACF002B01FA /* FSAlbumViewCell.xib in Resources */ = {isa = PBXBuildFile; fileRef = 5453CBBA1D89AACF002B01FA /* FSAlbumViewCell.xib */; };
		5453CBC91D89AACF002B01FA /* FSCameraView.swift in Sources */ = {isa = PBXBuildFile; fileRef = 5453CBBB1D89AACF002B01FA /* FSCameraView.swift */; };
		5453CBCA1D89AACF002B01FA /* FSCameraView.xib in Resources */ = {isa = PBXBuildFile; fileRef = 5453CBBC1D89AACF002B01FA /* FSCameraView.xib */; };
		5453CBCB1D89AACF002B01FA /* FSConstants.swift in Sources */ = {isa = PBXBuildFile; fileRef = 5453CBBD1D89AACF002B01FA /* FSConstants.swift */; };
		5453CBCC1D89AACF002B01FA /* FSImageCropView.swift in Sources */ = {isa = PBXBuildFile; fileRef = 5453CBBE1D89AACF002B01FA /* FSImageCropView.swift */; };
		5453CBCD1D89AACF002B01FA /* FSVideoCameraView.swift in Sources */ = {isa = PBXBuildFile; fileRef = 5453CBBF1D89AACF002B01FA /* FSVideoCameraView.swift */; };
		5453CBCE1D89AACF002B01FA /* FSVideoCameraView.xib in Resources */ = {isa = PBXBuildFile; fileRef = 5453CBC01D89AACF002B01FA /* FSVideoCameraView.xib */; };
		5453CBCF1D89AACF002B01FA /* FusumaViewController.swift in Sources */ = {isa = PBXBuildFile; fileRef = 5453CBC11D89AACF002B01FA /* FusumaViewController.swift */; };
		5453CBD11D89AACF002B01FA /* FusumaViewController.xib in Resources */ = {isa = PBXBuildFile; fileRef = 5453CBC31D89AACF002B01FA /* FusumaViewController.xib */; };
		547C44D31D88572B00AB2D56 /* ChatCell.swift in Sources */ = {isa = PBXBuildFile; fileRef = 547C44D21D88572B00AB2D56 /* ChatCell.swift */; };
		54ABE1351D8A9A6E0035DE4C /* ChatMyTableViewCell.swift in Sources */ = {isa = PBXBuildFile; fileRef = 54ABE1311D8A9A6E0035DE4C /* ChatMyTableViewCell.swift */; };
		54ABE1361D8A9A6E0035DE4C /* ChatTableViewCell.swift in Sources */ = {isa = PBXBuildFile; fileRef = 54ABE1321D8A9A6E0035DE4C /* ChatTableViewCell.swift */; };
		54ABE1371D8A9A6E0035DE4C /* ChatViewController.swift in Sources */ = {isa = PBXBuildFile; fileRef = 54ABE1331D8A9A6E0035DE4C /* ChatViewController.swift */; };
		54ABE1381D8A9A6E0035DE4C /* ConversationTableViewCell.swift in Sources */ = {isa = PBXBuildFile; fileRef = 54ABE1341D8A9A6E0035DE4C /* ConversationTableViewCell.swift */; };
		54ABE1411D8A9B030035DE4C /* AFDateExtension.swift in Sources */ = {isa = PBXBuildFile; fileRef = 54ABE13C1D8A9B030035DE4C /* AFDateExtension.swift */; };
		54ABE1421D8A9B030035DE4C /* Info.plist in Resources */ = {isa = PBXBuildFile; fileRef = 54ABE13E1D8A9B030035DE4C /* Info.plist */; };
		54ABE1431D8A9B030035DE4C /* LICENSE in Resources */ = {isa = PBXBuildFile; fileRef = 54ABE13F1D8A9B030035DE4C /* LICENSE */; };
		54ABE1441D8A9B030035DE4C /* README.md in Sources */ = {isa = PBXBuildFile; fileRef = 54ABE1401D8A9B030035DE4C /* README.md */; };
		54C182F11D8C429C00674C32 /* DBManager.swift in Sources */ = {isa = PBXBuildFile; fileRef = 54C182F01D8C429B00674C32 /* DBManager.swift */; };
		B1F4EA308872973F44C37F89 /* Pods_AcroYoga.framework in Frameworks */ = {isa = PBXBuildFile; fileRef = 2C1E6812ADD41058765F98FD /* Pods_AcroYoga.framework */; };
		F823668C1DAF1929006CD0C7 /* AVFoundation.framework in Frameworks */ = {isa = PBXBuildFile; fileRef = F823668B1DAF1929006CD0C7 /* AVFoundation.framework */; };
		F848511D1D8260FD00F3DA2D /* LoadingImage.swift in Sources */ = {isa = PBXBuildFile; fileRef = F848511B1D8260FD00F3DA2D /* LoadingImage.swift */; };
		F848511E1D8260FD00F3DA2D /* UserProfile.swift in Sources */ = {isa = PBXBuildFile; fileRef = F848511C1D8260FD00F3DA2D /* UserProfile.swift */; };
		F84851211D8262FC00F3DA2D /* FBEvent.swift in Sources */ = {isa = PBXBuildFile; fileRef = F84851201D8262FC00F3DA2D /* FBEvent.swift */; };
		F84851251D8264AF00F3DA2D /* R.m in Sources */ = {isa = PBXBuildFile; fileRef = F84851241D8264AF00F3DA2D /* R.m */; };
		F856E60E1D83C08000200E8B /* Webservices.swift in Sources */ = {isa = PBXBuildFile; fileRef = F856E60D1D83C08000200E8B /* Webservices.swift */; };
		F856E6101D83E19E00200E8B /* NetTypes.swift in Sources */ = {isa = PBXBuildFile; fileRef = F856E60F1D83E19E00200E8B /* NetTypes.swift */; };
		F856E6121D83EC0500200E8B /* HelpFile.swift in Sources */ = {isa = PBXBuildFile; fileRef = F856E6111D83EC0500200E8B /* HelpFile.swift */; };
		F856E6141D840EDA00200E8B /* Net.swift in Sources */ = {isa = PBXBuildFile; fileRef = F856E6131D840EDA00200E8B /* Net.swift */; };
		F856E6161D85085600200E8B /* ImageUploader.swift in Sources */ = {isa = PBXBuildFile; fileRef = F856E6151D85085600200E8B /* ImageUploader.swift */; };
		F856E61A1D85E04F00200E8B /* OverView.xib in Resources */ = {isa = PBXBuildFile; fileRef = F856E6181D85E04F00200E8B /* OverView.xib */; };
		F8742A781D8011BF00D66514 /* DetailCollectionViewCell.swift in Sources */ = {isa = PBXBuildFile; fileRef = F8742A771D8011BF00D66514 /* DetailCollectionViewCell.swift */; };
		F880E0581D85E42E00FB7858 /* ExampleOverlayView.swift in Sources */ = {isa = PBXBuildFile; fileRef = F880E0571D85E42E00FB7858 /* ExampleOverlayView.swift */; };
		F8B427C01D805E6C0052192F /* HCSStarRatingView.m in Sources */ = {isa = PBXBuildFile; fileRef = F8B427BE1D805E6C0052192F /* HCSStarRatingView.m */; };
		F8B427C11D805E6C0052192F /* Info.plist in Resources */ = {isa = PBXBuildFile; fileRef = F8B427BF1D805E6C0052192F /* Info.plist */; };
		F8BAC7DF1D7F9CF200371B59 /* VKCheckbox.swift in Sources */ = {isa = PBXBuildFile; fileRef = F8BAC7DE1D7F9CF200371B59 /* VKCheckbox.swift */; };
		F8C37B9F1D81001E00217F4F /* Info.plist in Resources */ = {isa = PBXBuildFile; fileRef = F8C37B9C1D81001E00217F4F /* Info.plist */; };
		F8C37BA01D81001E00217F4F /* Pulsator.swift in Sources */ = {isa = PBXBuildFile; fileRef = F8C37B9E1D81001E00217F4F /* Pulsator.swift */; };
		F8C917F01D7D6B010050A04F /* ProfileViewController.swift in Sources */ = {isa = PBXBuildFile; fileRef = F8C917EF1D7D6B010050A04F /* ProfileViewController.swift */; };
		F8C917F21D7D6E800050A04F /* ViewPager.swift in Sources */ = {isa = PBXBuildFile; fileRef = F8C917F11D7D6E800050A04F /* ViewPager.swift */; };
		F8C917F41D7D80F80050A04F /* ProfileDetailViewController.swift in Sources */ = {isa = PBXBuildFile; fileRef = F8C917F31D7D80F80050A04F /* ProfileDetailViewController.swift */; };
		F8E6ECFA1D9665F60072487C /* InviteFaceBookFriendViewController.swift in Sources */ = {isa = PBXBuildFile; fileRef = F8E6ECF91D9665F60072487C /* InviteFaceBookFriendViewController.swift */; };
/* End PBXBuildFile section */

/* Begin PBXFileReference section */
		2C1E6812ADD41058765F98FD /* Pods_AcroYoga.framework */ = {isa = PBXFileReference; explicitFileType = wrapper.framework; includeInIndex = 0; path = Pods_AcroYoga.framework; sourceTree = BUILT_PRODUCTS_DIR; };
		54063DE51D86EE1C0036FCB5 /* CustomOverlayView.swift */ = {isa = PBXFileReference; fileEncoding = 4; lastKnownFileType = sourcecode.swift; path = CustomOverlayView.swift; sourceTree = "<group>"; };
		54063DE71D86EE4D0036FCB5 /* CustomOverlayView.xib */ = {isa = PBXFileReference; fileEncoding = 4; lastKnownFileType = file.xib; path = CustomOverlayView.xib; sourceTree = "<group>"; };
		54063DEA1D8701FA0036FCB5 /* AcroYoga.xcdatamodel */ = {isa = PBXFileReference; lastKnownFileType = wrapper.xcdatamodel; path = AcroYoga.xcdatamodel; sourceTree = "<group>"; };
		540D966A1D8A9E6900D12633 /* LICENSE */ = {isa = PBXFileReference; fileEncoding = 4; lastKnownFileType = text; path = LICENSE; sourceTree = "<group>"; };
		540D966B1D8A9E6900D12633 /* README.md */ = {isa = PBXFileReference; fileEncoding = 4; lastKnownFileType = net.daringfireball.markdown; path = README.md; sourceTree = "<group>"; };
		540D966D1D8A9E6900D12633 /* ImageDataLoader.swift */ = {isa = PBXFileReference; fileEncoding = 4; lastKnownFileType = sourcecode.swift; path = ImageDataLoader.swift; sourceTree = "<group>"; };
		540D966E1D8A9E6900D12633 /* ImageDecoder.swift */ = {isa = PBXFileReference; fileEncoding = 4; lastKnownFileType = sourcecode.swift; path = ImageDecoder.swift; sourceTree = "<group>"; };
		540D966F1D8A9E6900D12633 /* ImageDiskCache.swift */ = {isa = PBXFileReference; fileEncoding = 4; lastKnownFileType = sourcecode.swift; path = ImageDiskCache.swift; sourceTree = "<group>"; };
		540D96701D8A9E6900D12633 /* ImageLoader.swift */ = {isa = PBXFileReference; fileEncoding = 4; lastKnownFileType = sourcecode.swift; path = ImageLoader.swift; sourceTree = "<group>"; };
		540D96711D8A9E6900D12633 /* ImageLoadingView.swift */ = {isa = PBXFileReference; fileEncoding = 4; lastKnownFileType = sourcecode.swift; path = ImageLoadingView.swift; sourceTree = "<group>"; };
		540D96721D8A9E6900D12633 /* ImageManager.swift */ = {isa = PBXFileReference; fileEncoding = 4; lastKnownFileType = sourcecode.swift; path = ImageManager.swift; sourceTree = "<group>"; };
		540D96731D8A9E6900D12633 /* ImageMemoryCache.swift */ = {isa = PBXFileReference; fileEncoding = 4; lastKnownFileType = sourcecode.swift; path = ImageMemoryCache.swift; sourceTree = "<group>"; };
		540D96741D8A9E6900D12633 /* ImageProcessor.swift */ = {isa = PBXFileReference; fileEncoding = 4; lastKnownFileType = sourcecode.swift; path = ImageProcessor.swift; sourceTree = "<group>"; };
		540D96751D8A9E6900D12633 /* ImageRequest.swift */ = {isa = PBXFileReference; fileEncoding = 4; lastKnownFileType = sourcecode.swift; path = ImageRequest.swift; sourceTree = "<group>"; };
		540D96761D8A9E6900D12633 /* ImageRequestKey.swift */ = {isa = PBXFileReference; fileEncoding = 4; lastKnownFileType = sourcecode.swift; path = ImageRequestKey.swift; sourceTree = "<group>"; };
		540D96771D8A9E6900D12633 /* ImageResponse.swift */ = {isa = PBXFileReference; fileEncoding = 4; lastKnownFileType = sourcecode.swift; path = ImageResponse.swift; sourceTree = "<group>"; };
		540D96781D8A9E6900D12633 /* ImageTask.swift */ = {isa = PBXFileReference; fileEncoding = 4; lastKnownFileType = sourcecode.swift; path = ImageTask.swift; sourceTree = "<group>"; };
		540D96791D8A9E6900D12633 /* Internal.swift */ = {isa = PBXFileReference; fileEncoding = 4; lastKnownFileType = sourcecode.swift; path = Internal.swift; sourceTree = "<group>"; };
		540D967A1D8A9E6900D12633 /* Nuke.swift */ = {isa = PBXFileReference; fileEncoding = 4; lastKnownFileType = sourcecode.swift; path = Nuke.swift; sourceTree = "<group>"; };
		540D968C1D8AAFAF00D12633 /* String+.swift */ = {isa = PBXFileReference; fileEncoding = 4; lastKnownFileType = sourcecode.swift; path = "String+.swift"; sourceTree = "<group>"; };
		541178451D870E4F00818FD5 /* User+CoreDataProperties.swift */ = {isa = PBXFileReference; fileEncoding = 4; lastKnownFileType = sourcecode.swift; path = "User+CoreDataProperties.swift"; sourceTree = "<group>"; };
		541178471D87115A00818FD5 /* User.swift */ = {isa = PBXFileReference; fileEncoding = 4; lastKnownFileType = sourcecode.swift; path = User.swift; sourceTree = "<group>"; };
		541B7E851D7D089800DE7426 /* AppDelegate.swift */ = {isa = PBXFileReference; fileEncoding = 4; lastKnownFileType = sourcecode.swift; path = AppDelegate.swift; sourceTree = "<group>"; };
		541B7E861D7D089800DE7426 /* Assets.xcassets */ = {isa = PBXFileReference; lastKnownFileType = folder.assetcatalog; path = Assets.xcassets; sourceTree = "<group>"; };
		541B7E881D7D089800DE7426 /* Base */ = {isa = PBXFileReference; lastKnownFileType = file.storyboard; name = Base; path = Base.lproj/LaunchScreen.storyboard; sourceTree = "<group>"; };
		541B7E8A1D7D089800DE7426 /* Base */ = {isa = PBXFileReference; lastKnownFileType = file.storyboard; name = Base; path = Base.lproj/Main.storyboard; sourceTree = "<group>"; };
		541B7E8C1D7D089800DE7426 /* Base */ = {isa = PBXFileReference; lastKnownFileType = file.xib; name = Base; path = Base.lproj/TestView.xib; sourceTree = "<group>"; };
		541B7E8D1D7D089800DE7426 /* Bridge-header.h */ = {isa = PBXFileReference; fileEncoding = 4; lastKnownFileType = sourcecode.c.h; path = "Bridge-header.h"; sourceTree = "<group>"; };
		541B7E901D7D089800DE7426 /* Facebook.swift */ = {isa = PBXFileReference; fileEncoding = 4; lastKnownFileType = sourcecode.swift; path = Facebook.swift; sourceTree = "<group>"; };
		541B7E971D7D089800DE7426 /* Info.plist */ = {isa = PBXFileReference; fileEncoding = 4; lastKnownFileType = text.plist.xml; path = Info.plist; sourceTree = "<group>"; };
		541B7EAF1D7D089800DE7426 /* AHPagingMenuViewController.swift */ = {isa = PBXFileReference; fileEncoding = 4; lastKnownFileType = sourcecode.swift; path = AHPagingMenuViewController.swift; sourceTree = "<group>"; };
		541B7EF41D7D089800DE7426 /* BaseViewController.swift */ = {isa = PBXFileReference; fileEncoding = 4; lastKnownFileType = sourcecode.swift; path = BaseViewController.swift; sourceTree = "<group>"; };
		541B7EF71D7D089800DE7426 /* EditViewController.swift */ = {isa = PBXFileReference; fileEncoding = 4; lastKnownFileType = sourcecode.swift; path = EditViewController.swift; sourceTree = "<group>"; };
		541B7EF81D7D089800DE7426 /* FavoriteViewController.swift */ = {isa = PBXFileReference; fileEncoding = 4; lastKnownFileType = sourcecode.swift; path = FavoriteViewController.swift; sourceTree = "<group>"; };
		541B7EFA1D7D089800DE7426 /* LocationViewController.swift */ = {isa = PBXFileReference; fileEncoding = 4; lastKnownFileType = sourcecode.swift; path = LocationViewController.swift; sourceTree = "<group>"; };
		541B7EFB1D7D089800DE7426 /* LoginViewController.swift */ = {isa = PBXFileReference; fileEncoding = 4; lastKnownFileType = sourcecode.swift; path = LoginViewController.swift; sourceTree = "<group>"; };
		541B7EFC1D7D089800DE7426 /* MainViewController.swift */ = {isa = PBXFileReference; fileEncoding = 4; lastKnownFileType = sourcecode.swift; path = MainViewController.swift; sourceTree = "<group>"; };
		541B7EFD1D7D089800DE7426 /* MenuViewController.swift */ = {isa = PBXFileReference; fileEncoding = 4; lastKnownFileType = sourcecode.swift; path = MenuViewController.swift; sourceTree = "<group>"; };
		541B7EFE1D7D089800DE7426 /* SettingViewController.swift */ = {isa = PBXFileReference; fileEncoding = 4; lastKnownFileType = sourcecode.swift; path = SettingViewController.swift; sourceTree = "<group>"; };
		541B7EFF1D7D089800DE7426 /* MessageViewController.swift */ = {isa = PBXFileReference; fileEncoding = 4; lastKnownFileType = sourcecode.swift; path = MessageViewController.swift; sourceTree = "<group>"; };
		5453CB8E1D89A2B5002B01FA /* WDCropBorderView.swift */ = {isa = PBXFileReference; fileEncoding = 4; lastKnownFileType = sourcecode.swift; path = WDCropBorderView.swift; sourceTree = "<group>"; };
		5453CB8F1D89A2B5002B01FA /* WDImageCropOverlayView.swift */ = {isa = PBXFileReference; fileEncoding = 4; lastKnownFileType = sourcecode.swift; path = WDImageCropOverlayView.swift; sourceTree = "<group>"; };
		5453CB901D89A2B5002B01FA /* WDImageCropView.swift */ = {isa = PBXFileReference; fileEncoding = 4; lastKnownFileType = sourcecode.swift; path = WDImageCropView.swift; sourceTree = "<group>"; };
		5453CB911D89A2B5002B01FA /* WDImageCropViewController.swift */ = {isa = PBXFileReference; fileEncoding = 4; lastKnownFileType = sourcecode.swift; path = WDImageCropViewController.swift; sourceTree = "<group>"; };
		5453CB921D89A2B5002B01FA /* WDImagePicker.swift */ = {isa = PBXFileReference; fileEncoding = 4; lastKnownFileType = sourcecode.swift; path = WDImagePicker.swift; sourceTree = "<group>"; };
		5453CB931D89A2B5002B01FA /* WDResizableCropOverlayView.swift */ = {isa = PBXFileReference; fileEncoding = 4; lastKnownFileType = sourcecode.swift; path = WDResizableCropOverlayView.swift; sourceTree = "<group>"; };
		5453CBB61D89AACF002B01FA /* Assets.xcassets */ = {isa = PBXFileReference; lastKnownFileType = folder.assetcatalog; path = Assets.xcassets; sourceTree = "<group>"; };
		5453CBB71D89AACF002B01FA /* FSAlbumView.swift */ = {isa = PBXFileReference; fileEncoding = 4; lastKnownFileType = sourcecode.swift; path = FSAlbumView.swift; sourceTree = "<group>"; };
		5453CBB81D89AACF002B01FA /* FSAlbumView.xib */ = {isa = PBXFileReference; fileEncoding = 4; lastKnownFileType = file.xib; path = FSAlbumView.xib; sourceTree = "<group>"; };
		5453CBB91D89AACF002B01FA /* FSAlbumViewCell.swift */ = {isa = PBXFileReference; fileEncoding = 4; lastKnownFileType = sourcecode.swift; path = FSAlbumViewCell.swift; sourceTree = "<group>"; };
		5453CBBA1D89AACF002B01FA /* FSAlbumViewCell.xib */ = {isa = PBXFileReference; fileEncoding = 4; lastKnownFileType = file.xib; path = FSAlbumViewCell.xib; sourceTree = "<group>"; };
		5453CBBB1D89AACF002B01FA /* FSCameraView.swift */ = {isa = PBXFileReference; fileEncoding = 4; lastKnownFileType = sourcecode.swift; path = FSCameraView.swift; sourceTree = "<group>"; };
		5453CBBC1D89AACF002B01FA /* FSCameraView.xib */ = {isa = PBXFileReference; fileEncoding = 4; lastKnownFileType = file.xib; path = FSCameraView.xib; sourceTree = "<group>"; };
		5453CBBD1D89AACF002B01FA /* FSConstants.swift */ = {isa = PBXFileReference; fileEncoding = 4; lastKnownFileType = sourcecode.swift; path = FSConstants.swift; sourceTree = "<group>"; };
		5453CBBE1D89AACF002B01FA /* FSImageCropView.swift */ = {isa = PBXFileReference; fileEncoding = 4; lastKnownFileType = sourcecode.swift; path = FSImageCropView.swift; sourceTree = "<group>"; };
		5453CBBF1D89AACF002B01FA /* FSVideoCameraView.swift */ = {isa = PBXFileReference; fileEncoding = 4; lastKnownFileType = sourcecode.swift; path = FSVideoCameraView.swift; sourceTree = "<group>"; };
		5453CBC01D89AACF002B01FA /* FSVideoCameraView.xib */ = {isa = PBXFileReference; fileEncoding = 4; lastKnownFileType = file.xib; path = FSVideoCameraView.xib; sourceTree = "<group>"; };
		5453CBC11D89AACF002B01FA /* FusumaViewController.swift */ = {isa = PBXFileReference; fileEncoding = 4; lastKnownFileType = sourcecode.swift; path = FusumaViewController.swift; sourceTree = "<group>"; };
		5453CBC31D89AACF002B01FA /* FusumaViewController.xib */ = {isa = PBXFileReference; fileEncoding = 4; lastKnownFileType = file.xib; path = FusumaViewController.xib; sourceTree = "<group>"; };
		547C44D21D88572B00AB2D56 /* ChatCell.swift */ = {isa = PBXFileReference; fileEncoding = 4; lastKnownFileType = sourcecode.swift; name = ChatCell.swift; path = AcroYoga/Cells/ChatCell.swift; sourceTree = SOURCE_ROOT; };
		54ABE1311D8A9A6E0035DE4C /* ChatMyTableViewCell.swift */ = {isa = PBXFileReference; fileEncoding = 4; lastKnownFileType = sourcecode.swift; path = ChatMyTableViewCell.swift; sourceTree = "<group>"; };
		54ABE1321D8A9A6E0035DE4C /* ChatTableViewCell.swift */ = {isa = PBXFileReference; fileEncoding = 4; lastKnownFileType = sourcecode.swift; path = ChatTableViewCell.swift; sourceTree = "<group>"; };
		54ABE1331D8A9A6E0035DE4C /* ChatViewController.swift */ = {isa = PBXFileReference; fileEncoding = 4; lastKnownFileType = sourcecode.swift; path = ChatViewController.swift; sourceTree = "<group>"; };
		54ABE1341D8A9A6E0035DE4C /* ConversationTableViewCell.swift */ = {isa = PBXFileReference; fileEncoding = 4; lastKnownFileType = sourcecode.swift; path = ConversationTableViewCell.swift; sourceTree = "<group>"; };
		54ABE13C1D8A9B030035DE4C /* AFDateExtension.swift */ = {isa = PBXFileReference; fileEncoding = 4; lastKnownFileType = sourcecode.swift; path = AFDateExtension.swift; sourceTree = "<group>"; };
		54ABE13D1D8A9B030035DE4C /* AFDateHelper.h */ = {isa = PBXFileReference; fileEncoding = 4; lastKnownFileType = sourcecode.c.h; path = AFDateHelper.h; sourceTree = "<group>"; };
		54ABE13E1D8A9B030035DE4C /* Info.plist */ = {isa = PBXFileReference; fileEncoding = 4; lastKnownFileType = text.plist.xml; path = Info.plist; sourceTree = "<group>"; };
		54ABE13F1D8A9B030035DE4C /* LICENSE */ = {isa = PBXFileReference; fileEncoding = 4; lastKnownFileType = text; path = LICENSE; sourceTree = "<group>"; };
		54ABE1401D8A9B030035DE4C /* README.md */ = {isa = PBXFileReference; fileEncoding = 4; lastKnownFileType = net.daringfireball.markdown; path = README.md; sourceTree = "<group>"; };
		54C182F01D8C429B00674C32 /* DBManager.swift */ = {isa = PBXFileReference; fileEncoding = 4; lastKnownFileType = sourcecode.swift; path = DBManager.swift; sourceTree = "<group>"; };
		8521A4D43E6032375F8241A5 /* Pods-AcroYoga.release.xcconfig */ = {isa = PBXFileReference; includeInIndex = 1; lastKnownFileType = text.xcconfig; name = "Pods-AcroYoga.release.xcconfig"; path = "Pods/Target Support Files/Pods-AcroYoga/Pods-AcroYoga.release.xcconfig"; sourceTree = "<group>"; };
		ACCCFA98FA846C5D543B0CEA /* Pods-AcroYoga.debug.xcconfig */ = {isa = PBXFileReference; includeInIndex = 1; lastKnownFileType = text.xcconfig; name = "Pods-AcroYoga.debug.xcconfig"; path = "Pods/Target Support Files/Pods-AcroYoga/Pods-AcroYoga.debug.xcconfig"; sourceTree = "<group>"; };
		DAD368881C9C677B00EE5F12 /* AcroYoga.app */ = {isa = PBXFileReference; explicitFileType = wrapper.application; includeInIndex = 0; path = AcroYoga.app; sourceTree = BUILT_PRODUCTS_DIR; };
		F823668B1DAF1929006CD0C7 /* AVFoundation.framework */ = {isa = PBXFileReference; lastKnownFileType = wrapper.framework; name = AVFoundation.framework; path = System/Library/Frameworks/AVFoundation.framework; sourceTree = SDKROOT; };
		F848511B1D8260FD00F3DA2D /* LoadingImage.swift */ = {isa = PBXFileReference; fileEncoding = 4; lastKnownFileType = sourcecode.swift; path = LoadingImage.swift; sourceTree = "<group>"; };
		F848511C1D8260FD00F3DA2D /* UserProfile.swift */ = {isa = PBXFileReference; fileEncoding = 4; lastKnownFileType = sourcecode.swift; path = UserProfile.swift; sourceTree = "<group>"; };
		F84851201D8262FC00F3DA2D /* FBEvent.swift */ = {isa = PBXFileReference; fileEncoding = 4; lastKnownFileType = sourcecode.swift; path = FBEvent.swift; sourceTree = "<group>"; };
		F84851231D8264AF00F3DA2D /* R.h */ = {isa = PBXFileReference; fileEncoding = 4; lastKnownFileType = sourcecode.c.h; path = R.h; sourceTree = "<group>"; };
		F84851241D8264AF00F3DA2D /* R.m */ = {isa = PBXFileReference; fileEncoding = 4; lastKnownFileType = sourcecode.c.objc; path = R.m; sourceTree = "<group>"; };
		F856E60D1D83C08000200E8B /* Webservices.swift */ = {isa = PBXFileReference; fileEncoding = 4; lastKnownFileType = sourcecode.swift; path = Webservices.swift; sourceTree = "<group>"; };
		F856E60F1D83E19E00200E8B /* NetTypes.swift */ = {isa = PBXFileReference; fileEncoding = 4; lastKnownFileType = sourcecode.swift; path = NetTypes.swift; sourceTree = "<group>"; };
		F856E6111D83EC0500200E8B /* HelpFile.swift */ = {isa = PBXFileReference; fileEncoding = 4; lastKnownFileType = sourcecode.swift; path = HelpFile.swift; sourceTree = "<group>"; };
		F856E6131D840EDA00200E8B /* Net.swift */ = {isa = PBXFileReference; fileEncoding = 4; lastKnownFileType = sourcecode.swift; path = Net.swift; sourceTree = "<group>"; };
		F856E6151D85085600200E8B /* ImageUploader.swift */ = {isa = PBXFileReference; fileEncoding = 4; lastKnownFileType = sourcecode.swift; path = ImageUploader.swift; sourceTree = "<group>"; };
		F856E6191D85E04F00200E8B /* Base */ = {isa = PBXFileReference; lastKnownFileType = file.xib; name = Base; path = Base.lproj/OverView.xib; sourceTree = "<group>"; };
		F8742A771D8011BF00D66514 /* DetailCollectionViewCell.swift */ = {isa = PBXFileReference; fileEncoding = 4; lastKnownFileType = sourcecode.swift; name = DetailCollectionViewCell.swift; path = AcroYoga/Cells/DetailCollectionViewCell.swift; sourceTree = SOURCE_ROOT; };
		F880E0571D85E42E00FB7858 /* ExampleOverlayView.swift */ = {isa = PBXFileReference; fileEncoding = 4; lastKnownFileType = sourcecode.swift; path = ExampleOverlayView.swift; sourceTree = "<group>"; };
		F8B427BD1D805E6C0052192F /* HCSStarRatingView.h */ = {isa = PBXFileReference; fileEncoding = 4; lastKnownFileType = sourcecode.c.h; path = HCSStarRatingView.h; sourceTree = "<group>"; };
		F8B427BE1D805E6C0052192F /* HCSStarRatingView.m */ = {isa = PBXFileReference; fileEncoding = 4; lastKnownFileType = sourcecode.c.objc; path = HCSStarRatingView.m; sourceTree = "<group>"; };
		F8B427BF1D805E6C0052192F /* Info.plist */ = {isa = PBXFileReference; fileEncoding = 4; lastKnownFileType = text.plist.xml; path = Info.plist; sourceTree = "<group>"; };
		F8BAC7DE1D7F9CF200371B59 /* VKCheckbox.swift */ = {isa = PBXFileReference; fileEncoding = 4; lastKnownFileType = sourcecode.swift; path = VKCheckbox.swift; sourceTree = "<group>"; };
		F8C37B9C1D81001E00217F4F /* Info.plist */ = {isa = PBXFileReference; fileEncoding = 4; lastKnownFileType = text.plist.xml; path = Info.plist; sourceTree = "<group>"; };
		F8C37B9D1D81001E00217F4F /* Pulsator.h */ = {isa = PBXFileReference; fileEncoding = 4; lastKnownFileType = sourcecode.c.h; path = Pulsator.h; sourceTree = "<group>"; };
		F8C37B9E1D81001E00217F4F /* Pulsator.swift */ = {isa = PBXFileReference; fileEncoding = 4; lastKnownFileType = sourcecode.swift; path = Pulsator.swift; sourceTree = "<group>"; };
		F8C917EF1D7D6B010050A04F /* ProfileViewController.swift */ = {isa = PBXFileReference; fileEncoding = 4; lastKnownFileType = sourcecode.swift; path = ProfileViewController.swift; sourceTree = "<group>"; };
		F8C917F11D7D6E800050A04F /* ViewPager.swift */ = {isa = PBXFileReference; fileEncoding = 4; lastKnownFileType = sourcecode.swift; path = ViewPager.swift; sourceTree = "<group>"; };
		F8C917F31D7D80F80050A04F /* ProfileDetailViewController.swift */ = {isa = PBXFileReference; fileEncoding = 4; lastKnownFileType = sourcecode.swift; path = ProfileDetailViewController.swift; sourceTree = "<group>"; };
		F8E6ECF91D9665F60072487C /* InviteFaceBookFriendViewController.swift */ = {isa = PBXFileReference; fileEncoding = 4; lastKnownFileType = sourcecode.swift; path = InviteFaceBookFriendViewController.swift; sourceTree = "<group>"; };
/* End PBXFileReference section */

/* Begin PBXFrameworksBuildPhase section */
		DAD368851C9C677B00EE5F12 /* Frameworks */ = {
			isa = PBXFrameworksBuildPhase;
			buildActionMask = 2147483647;
			files = (
				F823668C1DAF1929006CD0C7 /* AVFoundation.framework in Frameworks */,
				B1F4EA308872973F44C37F89 /* Pods_AcroYoga.framework in Frameworks */,
			);
			runOnlyForDeploymentPostprocessing = 0;
		};
/* End PBXFrameworksBuildPhase section */

/* Begin PBXGroup section */
		2DC0923C1B7834F1C2813BE6 /* Pods */ = {
			isa = PBXGroup;
			children = (
				ACCCFA98FA846C5D543B0CEA /* Pods-AcroYoga.debug.xcconfig */,
				8521A4D43E6032375F8241A5 /* Pods-AcroYoga.release.xcconfig */,
			);
			name = Pods;
			sourceTree = "<group>";
		};
		540D96691D8A9E6900D12633 /* Nuke */ = {
			isa = PBXGroup;
			children = (
				540D966A1D8A9E6900D12633 /* LICENSE */,
				540D966B1D8A9E6900D12633 /* README.md */,
				540D966C1D8A9E6900D12633 /* Sources */,
			);
			path = Nuke;
			sourceTree = "<group>";
		};
		540D966C1D8A9E6900D12633 /* Sources */ = {
			isa = PBXGroup;
			children = (
				540D966D1D8A9E6900D12633 /* ImageDataLoader.swift */,
				540D966E1D8A9E6900D12633 /* ImageDecoder.swift */,
				540D966F1D8A9E6900D12633 /* ImageDiskCache.swift */,
				540D96701D8A9E6900D12633 /* ImageLoader.swift */,
				540D96711D8A9E6900D12633 /* ImageLoadingView.swift */,
				540D96721D8A9E6900D12633 /* ImageManager.swift */,
				540D96731D8A9E6900D12633 /* ImageMemoryCache.swift */,
				540D96741D8A9E6900D12633 /* ImageProcessor.swift */,
				540D96751D8A9E6900D12633 /* ImageRequest.swift */,
				540D96761D8A9E6900D12633 /* ImageRequestKey.swift */,
				540D96771D8A9E6900D12633 /* ImageResponse.swift */,
				540D96781D8A9E6900D12633 /* ImageTask.swift */,
				540D96791D8A9E6900D12633 /* Internal.swift */,
				540D967A1D8A9E6900D12633 /* Nuke.swift */,
			);
			path = Sources;
			sourceTree = "<group>";
		};
		540D968B1D8AAFAF00D12633 /* Extension */ = {
			isa = PBXGroup;
			children = (
				540D968C1D8AAFAF00D12633 /* String+.swift */,
			);
			path = Extension;
			sourceTree = "<group>";
		};
		541178441D870DF800818FD5 /* CoreDataModels */ = {
			isa = PBXGroup;
			children = (
				541178451D870E4F00818FD5 /* User+CoreDataProperties.swift */,
				541178471D87115A00818FD5 /* User.swift */,
			);
			name = CoreDataModels;
			sourceTree = "<group>";
		};
		541B7E841D7D089800DE7426 /* AcroYoga */ = {
			isa = PBXGroup;
			children = (
				F856E6171D85DD2500200E8B /* UI */,
				F856E60C1D83C05300200E8B /* Webservice */,
				F848511F1D8262FC00F3DA2D /* Events */,
				541B7E851D7D089800DE7426 /* AppDelegate.swift */,
				F856E6111D83EC0500200E8B /* HelpFile.swift */,
				541B7E861D7D089800DE7426 /* Assets.xcassets */,
				541B7E8D1D7D089800DE7426 /* Bridge-header.h */,
				541B7E971D7D089800DE7426 /* Info.plist */,
				540D968B1D8AAFAF00D12633 /* Extension */,
				F880E0561D85E42E00FB7858 /* Flipview */,
				F848511A1D8260FD00F3DA2D /* Model */,
				541B7E8F1D7D089800DE7426 /* FB */,
				F8B427BC1D805E6C0052192F /* HCSStarRatingView */,
				F84851221D8264AF00F3DA2D /* Resources */,
				F8BAC7DD1D7F9CF200371B59 /* CheckView */,
				541B7EAE1D7D089800DE7426 /* PageViewController */,
				F8C37B9B1D81001E00217F4F /* Pulsator */,
				5453CB8D1D89A2B5002B01FA /* CustomImagePicker */,
				F8742A751D80113200D66514 /* Cells */,
				54ABE1391D8A9B030035DE4C /* Frameworks */,
				541B7EF31D7D089800DE7426 /* ViewControllers */,
				54063DE91D8701FA0036FCB5 /* AcroYoga.xcdatamodeld */,
			);
			path = AcroYoga;
			sourceTree = "<group>";
		};
		541B7E8F1D7D089800DE7426 /* FB */ = {
			isa = PBXGroup;
			children = (
				541B7E901D7D089800DE7426 /* Facebook.swift */,
			);
			path = FB;
			sourceTree = "<group>";
		};
		541B7EAE1D7D089800DE7426 /* PageViewController */ = {
			isa = PBXGroup;
			children = (
				F8C917F11D7D6E800050A04F /* ViewPager.swift */,
				541B7EAF1D7D089800DE7426 /* AHPagingMenuViewController.swift */,
			);
			path = PageViewController;
			sourceTree = "<group>";
		};
		541B7EF31D7D089800DE7426 /* ViewControllers */ = {
			isa = PBXGroup;
			children = (
				54ABE1301D8A9A6E0035DE4C /* Chat */,
				541B7EF41D7D089800DE7426 /* BaseViewController.swift */,
				541B7EF71D7D089800DE7426 /* EditViewController.swift */,
				541B7EF81D7D089800DE7426 /* FavoriteViewController.swift */,
				541B7EFA1D7D089800DE7426 /* LocationViewController.swift */,
				541B7EFB1D7D089800DE7426 /* LoginViewController.swift */,
				541B7EFC1D7D089800DE7426 /* MainViewController.swift */,
				541B7EFD1D7D089800DE7426 /* MenuViewController.swift */,
				541B7EFE1D7D089800DE7426 /* SettingViewController.swift */,
				541B7EFF1D7D089800DE7426 /* MessageViewController.swift */,
				F8C917EF1D7D6B010050A04F /* ProfileViewController.swift */,
				F8C917F31D7D80F80050A04F /* ProfileDetailViewController.swift */,
				F8E6ECF91D9665F60072487C /* InviteFaceBookFriendViewController.swift */,
			);
			path = ViewControllers;
			sourceTree = "<group>";
		};
		5453CB8D1D89A2B5002B01FA /* CustomImagePicker */ = {
			isa = PBXGroup;
			children = (
				5453CB8E1D89A2B5002B01FA /* WDCropBorderView.swift */,
				5453CB8F1D89A2B5002B01FA /* WDImageCropOverlayView.swift */,
				5453CB901D89A2B5002B01FA /* WDImageCropView.swift */,
				5453CB911D89A2B5002B01FA /* WDImageCropViewController.swift */,
				5453CB921D89A2B5002B01FA /* WDImagePicker.swift */,
				5453CB931D89A2B5002B01FA /* WDResizableCropOverlayView.swift */,
			);
			path = CustomImagePicker;
			sourceTree = "<group>";
		};
		5453CBB51D89AACF002B01FA /* Fusuma */ = {
			isa = PBXGroup;
			children = (
				5453CBB61D89AACF002B01FA /* Assets.xcassets */,
				5453CBB71D89AACF002B01FA /* FSAlbumView.swift */,
				5453CBB81D89AACF002B01FA /* FSAlbumView.xib */,
				5453CBB91D89AACF002B01FA /* FSAlbumViewCell.swift */,
				5453CBBA1D89AACF002B01FA /* FSAlbumViewCell.xib */,
				5453CBBB1D89AACF002B01FA /* FSCameraView.swift */,
				5453CBBC1D89AACF002B01FA /* FSCameraView.xib */,
				5453CBBD1D89AACF002B01FA /* FSConstants.swift */,
				5453CBBE1D89AACF002B01FA /* FSImageCropView.swift */,
				5453CBBF1D89AACF002B01FA /* FSVideoCameraView.swift */,
				5453CBC01D89AACF002B01FA /* FSVideoCameraView.xib */,
				5453CBC11D89AACF002B01FA /* FusumaViewController.swift */,
				5453CBC31D89AACF002B01FA /* FusumaViewController.xib */,
			);
			name = Fusuma;
			path = ../Fusuma;
			sourceTree = "<group>";
		};
		54ABE1301D8A9A6E0035DE4C /* Chat */ = {
			isa = PBXGroup;
			children = (
				54ABE1311D8A9A6E0035DE4C /* ChatMyTableViewCell.swift */,
				54ABE1321D8A9A6E0035DE4C /* ChatTableViewCell.swift */,
				54ABE1331D8A9A6E0035DE4C /* ChatViewController.swift */,
				54ABE1341D8A9A6E0035DE4C /* ConversationTableViewCell.swift */,
			);
			path = Chat;
			sourceTree = "<group>";
		};
		54ABE1391D8A9B030035DE4C /* Frameworks */ = {
			isa = PBXGroup;
			children = (
				540D96691D8A9E6900D12633 /* Nuke */,
				5453CBB51D89AACF002B01FA /* Fusuma */,
				54ABE13A1D8A9B030035DE4C /* AFDateHelper */,
			);
			path = Frameworks;
			sourceTree = "<group>";
		};
		54ABE13A1D8A9B030035DE4C /* AFDateHelper */ = {
			isa = PBXGroup;
			children = (
				54ABE13B1D8A9B030035DE4C /* AFDateHelper */,
				54ABE13F1D8A9B030035DE4C /* LICENSE */,
				54ABE1401D8A9B030035DE4C /* README.md */,
			);
			path = AFDateHelper;
			sourceTree = "<group>";
		};
		54ABE13B1D8A9B030035DE4C /* AFDateHelper */ = {
			isa = PBXGroup;
			children = (
				54ABE13C1D8A9B030035DE4C /* AFDateExtension.swift */,
				54ABE13D1D8A9B030035DE4C /* AFDateHelper.h */,
				54ABE13E1D8A9B030035DE4C /* Info.plist */,
			);
			path = AFDateHelper;
			sourceTree = "<group>";
		};
		A9979EFF74F1EE1920C70CF6 /* Frameworks */ = {
			isa = PBXGroup;
			children = (
				F823668B1DAF1929006CD0C7 /* AVFoundation.framework */,
				2C1E6812ADD41058765F98FD /* Pods_AcroYoga.framework */,
			);
			name = Frameworks;
			sourceTree = "<group>";
		};
		DAD3687F1C9C677B00EE5F12 = {
			isa = PBXGroup;
			children = (
				541B7E841D7D089800DE7426 /* AcroYoga */,
				DAD368891C9C677B00EE5F12 /* Products */,
				2DC0923C1B7834F1C2813BE6 /* Pods */,
				A9979EFF74F1EE1920C70CF6 /* Frameworks */,
			);
			sourceTree = "<group>";
		};
		DAD368891C9C677B00EE5F12 /* Products */ = {
			isa = PBXGroup;
			children = (
				DAD368881C9C677B00EE5F12 /* AcroYoga.app */,
			);
			name = Products;
			sourceTree = "<group>";
		};
		F848511A1D8260FD00F3DA2D /* Model */ = {
			isa = PBXGroup;
			children = (
				541178441D870DF800818FD5 /* CoreDataModels */,
				F848511B1D8260FD00F3DA2D /* LoadingImage.swift */,
				F848511C1D8260FD00F3DA2D /* UserProfile.swift */,
				54C182F01D8C429B00674C32 /* DBManager.swift */,
			);
			path = Model;
			sourceTree = "<group>";
		};
		F848511F1D8262FC00F3DA2D /* Events */ = {
			isa = PBXGroup;
			children = (
				F84851201D8262FC00F3DA2D /* FBEvent.swift */,
			);
			path = Events;
			sourceTree = "<group>";
		};
		F84851221D8264AF00F3DA2D /* Resources */ = {
			isa = PBXGroup;
			children = (
				F84851231D8264AF00F3DA2D /* R.h */,
				F84851241D8264AF00F3DA2D /* R.m */,
			);
			path = Resources;
			sourceTree = "<group>";
		};
		F856E60C1D83C05300200E8B /* Webservice */ = {
			isa = PBXGroup;
			children = (
				F856E60D1D83C08000200E8B /* Webservices.swift */,
				F856E6151D85085600200E8B /* ImageUploader.swift */,
				F856E60F1D83E19E00200E8B /* NetTypes.swift */,
				F856E6131D840EDA00200E8B /* Net.swift */,
			);
			name = Webservice;
			path = AcroYoga/Webservice;
			sourceTree = SOURCE_ROOT;
		};
		F856E6171D85DD2500200E8B /* UI */ = {
			isa = PBXGroup;
			children = (
				541B7E871D7D089800DE7426 /* LaunchScreen.storyboard */,
				541B7E891D7D089800DE7426 /* Main.storyboard */,
				F856E6181D85E04F00200E8B /* OverView.xib */,
				541B7E8B1D7D089800DE7426 /* TestView.xib */,
			);
			name = UI;
			sourceTree = "<group>";
		};
		F8742A751D80113200D66514 /* Cells */ = {
			isa = PBXGroup;
			children = (
				547C44D21D88572B00AB2D56 /* ChatCell.swift */,
				F8742A761D80114600D66514 /* CollectionViewCell */,
			);
			name = Cells;
			path = ViewControllers;
			sourceTree = "<group>";
		};
		F8742A761D80114600D66514 /* CollectionViewCell */ = {
			isa = PBXGroup;
			children = (
				F8742A771D8011BF00D66514 /* DetailCollectionViewCell.swift */,
			);
			name = CollectionViewCell;
			sourceTree = "<group>";
		};
		F880E0561D85E42E00FB7858 /* Flipview */ = {
			isa = PBXGroup;
			children = (
				F880E0571D85E42E00FB7858 /* ExampleOverlayView.swift */,
				54063DE51D86EE1C0036FCB5 /* CustomOverlayView.swift */,
				54063DE71D86EE4D0036FCB5 /* CustomOverlayView.xib */,
			);
			path = Flipview;
			sourceTree = "<group>";
		};
		F8B427BC1D805E6C0052192F /* HCSStarRatingView */ = {
			isa = PBXGroup;
			children = (
				F8B427BD1D805E6C0052192F /* HCSStarRatingView.h */,
				F8B427BE1D805E6C0052192F /* HCSStarRatingView.m */,
				F8B427BF1D805E6C0052192F /* Info.plist */,
			);
			path = HCSStarRatingView;
			sourceTree = "<group>";
		};
		F8BAC7DD1D7F9CF200371B59 /* CheckView */ = {
			isa = PBXGroup;
			children = (
				F8BAC7DE1D7F9CF200371B59 /* VKCheckbox.swift */,
			);
			path = CheckView;
			sourceTree = "<group>";
		};
		F8C37B9B1D81001E00217F4F /* Pulsator */ = {
			isa = PBXGroup;
			children = (
				F8C37B9C1D81001E00217F4F /* Info.plist */,
				F8C37B9D1D81001E00217F4F /* Pulsator.h */,
				F8C37B9E1D81001E00217F4F /* Pulsator.swift */,
			);
			name = Pulsator;
			path = AcroYoga/Pulsator;
			sourceTree = SOURCE_ROOT;
		};
/* End PBXGroup section */

/* Begin PBXNativeTarget section */
		DAD368871C9C677B00EE5F12 /* AcroYoga */ = {
			isa = PBXNativeTarget;
			buildConfigurationList = DAD3689A1C9C677B00EE5F12 /* Build configuration list for PBXNativeTarget "AcroYoga" */;
			buildPhases = (
				EC0DBFFAA67D43A12D3CA270 /* [CP] Check Pods Manifest.lock */,
				DAD368841C9C677B00EE5F12 /* Sources */,
				DAD368851C9C677B00EE5F12 /* Frameworks */,
				DAD368861C9C677B00EE5F12 /* Resources */,
				0B64B99E5F86C1C7C5DA6796 /* [CP] Embed Pods Frameworks */,
				CF8655B09F62AAA1727147C1 /* [CP] Copy Pods Resources */,
			);
			buildRules = (
			);
			dependencies = (
			);
			name = AcroYoga;
			productName = AcroYoga;
			productReference = DAD368881C9C677B00EE5F12 /* AcroYoga.app */;
			productType = "com.apple.product-type.application";
		};
/* End PBXNativeTarget section */

/* Begin PBXProject section */
		DAD368801C9C677B00EE5F12 /* Project object */ = {
			isa = PBXProject;
			attributes = {
				LastUpgradeCheck = 0710;
				ORGANIZATIONNAME = ku;
				TargetAttributes = {
					DAD368871C9C677B00EE5F12 = {
						CreatedOnToolsVersion = 7.1;
						DevelopmentTeam = 5G295RE9B9;
						SystemCapabilities = {
							com.apple.BackgroundModes = {
								enabled = 1;
							};
							com.apple.Push = {
								enabled = 1;
							};
						};
					};
				};
			};
			buildConfigurationList = DAD368831C9C677B00EE5F12 /* Build configuration list for PBXProject "AcroYoga" */;
			compatibilityVersion = "Xcode 3.2";
			developmentRegion = English;
			hasScannedForEncodings = 0;
			knownRegions = (
				en,
				Base,
			);
			mainGroup = DAD3687F1C9C677B00EE5F12;
			productRefGroup = DAD368891C9C677B00EE5F12 /* Products */;
			projectDirPath = "";
			projectRoot = "";
			targets = (
				DAD368871C9C677B00EE5F12 /* AcroYoga */,
			);
		};
/* End PBXProject section */

/* Begin PBXResourcesBuildPhase section */
		DAD368861C9C677B00EE5F12 /* Resources */ = {
			isa = PBXResourcesBuildPhase;
			buildActionMask = 2147483647;
			files = (
				54ABE1421D8A9B030035DE4C /* Info.plist in Resources */,
				5453CBC61D89AACF002B01FA /* FSAlbumView.xib in Resources */,
				5453CBC41D89AACF002B01FA /* Assets.xcassets in Resources */,
				541B7F201D7D089800DE7426 /* TestView.xib in Resources */,
				F8C37B9F1D81001E00217F4F /* Info.plist in Resources */,
				541B7F1F1D7D089800DE7426 /* Main.storyboard in Resources */,
				540D967B1D8A9E6900D12633 /* LICENSE in Resources */,
				541B7F1D1D7D089800DE7426 /* Assets.xcassets in Resources */,
				5453CBC81D89AACF002B01FA /* FSAlbumViewCell.xib in Resources */,
				54ABE1431D8A9B030035DE4C /* LICENSE in Resources */,
				541B7F1E1D7D089800DE7426 /* LaunchScreen.storyboard in Resources */,
				5453CBD11D89AACF002B01FA /* FusumaViewController.xib in Resources */,
				541B7F281D7D089800DE7426 /* Info.plist in Resources */,
				5453CBCE1D89AACF002B01FA /* FSVideoCameraView.xib in Resources */,
				5453CBCA1D89AACF002B01FA /* FSCameraView.xib in Resources */,
				F856E61A1D85E04F00200E8B /* OverView.xib in Resources */,
				54063DE81D86EE4D0036FCB5 /* CustomOverlayView.xib in Resources */,
				F8B427C11D805E6C0052192F /* Info.plist in Resources */,
			);
			runOnlyForDeploymentPostprocessing = 0;
		};
/* End PBXResourcesBuildPhase section */

/* Begin PBXShellScriptBuildPhase section */
		0B64B99E5F86C1C7C5DA6796 /* [CP] Embed Pods Frameworks */ = {
			isa = PBXShellScriptBuildPhase;
			buildActionMask = 2147483647;
			files = (
			);
			inputPaths = (
			);
			name = "[CP] Embed Pods Frameworks";
			outputPaths = (
			);
			runOnlyForDeploymentPostprocessing = 0;
			shellPath = /bin/sh;
			shellScript = "\"${SRCROOT}/Pods/Target Support Files/Pods-AcroYoga/Pods-AcroYoga-frameworks.sh\"\n";
			showEnvVarsInLog = 0;
		};
		CF8655B09F62AAA1727147C1 /* [CP] Copy Pods Resources */ = {
			isa = PBXShellScriptBuildPhase;
			buildActionMask = 2147483647;
			files = (
			);
			inputPaths = (
			);
			name = "[CP] Copy Pods Resources";
			outputPaths = (
			);
			runOnlyForDeploymentPostprocessing = 0;
			shellPath = /bin/sh;
			shellScript = "\"${SRCROOT}/Pods/Target Support Files/Pods-AcroYoga/Pods-AcroYoga-resources.sh\"\n";
			showEnvVarsInLog = 0;
		};
		EC0DBFFAA67D43A12D3CA270 /* [CP] Check Pods Manifest.lock */ = {
			isa = PBXShellScriptBuildPhase;
			buildActionMask = 2147483647;
			files = (
			);
			inputPaths = (
			);
			name = "[CP] Check Pods Manifest.lock";
			outputPaths = (
			);
			runOnlyForDeploymentPostprocessing = 0;
			shellPath = /bin/sh;
			shellScript = "diff \"${PODS_ROOT}/../Podfile.lock\" \"${PODS_ROOT}/Manifest.lock\" > /dev/null\nif [[ $? != 0 ]] ; then\n    cat << EOM\nerror: The sandbox is not in sync with the Podfile.lock. Run 'pod install' or update your CocoaPods installation.\nEOM\n    exit 1\nfi\n";
			showEnvVarsInLog = 0;
		};
/* End PBXShellScriptBuildPhase section */

/* Begin PBXSourcesBuildPhase section */
		DAD368841C9C677B00EE5F12 /* Sources */ = {
			isa = PBXSourcesBuildPhase;
			buildActionMask = 2147483647;
			files = (
				5453CBCC1D89AACF002B01FA /* FSImageCropView.swift in Sources */,
				5453CB941D89A2B5002B01FA /* WDCropBorderView.swift in Sources */,
				541B7F311D7D089800DE7426 /* AHPagingMenuViewController.swift in Sources */,
				5453CB961D89A2B5002B01FA /* WDImageCropView.swift in Sources */,
				541B7F641D7D089800DE7426 /* FavoriteViewController.swift in Sources */,
				541B7F611D7D089800DE7426 /* BaseViewController.swift in Sources */,
				5453CB971D89A2B5002B01FA /* WDImageCropViewController.swift in Sources */,
				540D967F1D8A9E6900D12633 /* ImageDiskCache.swift in Sources */,
				541B7F681D7D089800DE7426 /* MainViewController.swift in Sources */,
				F84851211D8262FC00F3DA2D /* FBEvent.swift in Sources */,
				F856E6161D85085600200E8B /* ImageUploader.swift in Sources */,
				5453CBCB1D89AACF002B01FA /* FSConstants.swift in Sources */,
				541B7F1C1D7D089800DE7426 /* AppDelegate.swift in Sources */,
				54ABE1441D8A9B030035DE4C /* README.md in Sources */,
				F8C917F21D7D6E800050A04F /* ViewPager.swift in Sources */,
				540D967E1D8A9E6900D12633 /* ImageDecoder.swift in Sources */,
				5453CB951D89A2B5002B01FA /* WDImageCropOverlayView.swift in Sources */,
				5453CBC51D89AACF002B01FA /* FSAlbumView.swift in Sources */,
				F84851251D8264AF00F3DA2D /* R.m in Sources */,
				F856E6101D83E19E00200E8B /* NetTypes.swift in Sources */,
				F8BAC7DF1D7F9CF200371B59 /* VKCheckbox.swift in Sources */,
				54ABE1371D8A9A6E0035DE4C /* ChatViewController.swift in Sources */,
				F8C917F01D7D6B010050A04F /* ProfileViewController.swift in Sources */,
				5453CBCF1D89AACF002B01FA /* FusumaViewController.swift in Sources */,
				541178461D870E4F00818FD5 /* User+CoreDataProperties.swift in Sources */,
				F848511D1D8260FD00F3DA2D /* LoadingImage.swift in Sources */,
				541B7F661D7D089800DE7426 /* LocationViewController.swift in Sources */,
				F856E60E1D83C08000200E8B /* Webservices.swift in Sources */,
				5453CBCD1D89AACF002B01FA /* FSVideoCameraView.swift in Sources */,
				54ABE1411D8A9B030035DE4C /* AFDateExtension.swift in Sources */,
				54063DEB1D8701FA0036FCB5 /* AcroYoga.xcdatamodeld in Sources */,
				F856E6141D840EDA00200E8B /* Net.swift in Sources */,
				540D96801D8A9E6900D12633 /* ImageLoader.swift in Sources */,
				5453CBC91D89AACF002B01FA /* FSCameraView.swift in Sources */,
				540D967D1D8A9E6900D12633 /* ImageDataLoader.swift in Sources */,
				54ABE1381D8A9A6E0035DE4C /* ConversationTableViewCell.swift in Sources */,
				F856E6121D83EC0500200E8B /* HelpFile.swift in Sources */,
				540D96861D8A9E6900D12633 /* ImageRequestKey.swift in Sources */,
				54ABE1351D8A9A6E0035DE4C /* ChatMyTableViewCell.swift in Sources */,
				F8742A781D8011BF00D66514 /* DetailCollectionViewCell.swift in Sources */,
				540D968A1D8A9E6900D12633 /* Nuke.swift in Sources */,
				541B7F6B1D7D089800DE7426 /* MessageViewController.swift in Sources */,
				F8E6ECFA1D9665F60072487C /* InviteFaceBookFriendViewController.swift in Sources */,
				540D96841D8A9E6900D12633 /* ImageProcessor.swift in Sources */,
				540D968D1D8AAFAF00D12633 /* String+.swift in Sources */,
				541B7F671D7D089800DE7426 /* LoginViewController.swift in Sources */,
				541B7F6A1D7D089800DE7426 /* SettingViewController.swift in Sources */,
				547C44D31D88572B00AB2D56 /* ChatCell.swift in Sources */,
				F880E0581D85E42E00FB7858 /* ExampleOverlayView.swift in Sources */,
				540D96881D8A9E6900D12633 /* ImageTask.swift in Sources */,
				5453CB991D89A2B5002B01FA /* WDResizableCropOverlayView.swift in Sources */,
				541B7F631D7D089800DE7426 /* EditViewController.swift in Sources */,
				540D967C1D8A9E6900D12633 /* README.md in Sources */,
				541B7F691D7D089800DE7426 /* MenuViewController.swift in Sources */,
				F848511E1D8260FD00F3DA2D /* UserProfile.swift in Sources */,
				F8C917F41D7D80F80050A04F /* ProfileDetailViewController.swift in Sources */,
				54C182F11D8C429C00674C32 /* DBManager.swift in Sources */,
				540D96871D8A9E6900D12633 /* ImageResponse.swift in Sources */,
				540D96811D8A9E6900D12633 /* ImageLoadingView.swift in Sources */,
				540D96821D8A9E6900D12633 /* ImageManager.swift in Sources */,
				5453CB981D89A2B5002B01FA /* WDImagePicker.swift in Sources */,
				5453CBC71D89AACF002B01FA /* FSAlbumViewCell.swift in Sources */,
				541B7F221D7D089800DE7426 /* Facebook.swift in Sources */,
				540D96831D8A9E6900D12633 /* ImageMemoryCache.swift in Sources */,
				54063DE61D86EE1C0036FCB5 /* CustomOverlayView.swift in Sources */,
				F8C37BA01D81001E00217F4F /* Pulsator.swift in Sources */,
				540D96891D8A9E6900D12633 /* Internal.swift in Sources */,
				54ABE1361D8A9A6E0035DE4C /* ChatTableViewCell.swift in Sources */,
				F8B427C01D805E6C0052192F /* HCSStarRatingView.m in Sources */,
				540D96851D8A9E6900D12633 /* ImageRequest.swift in Sources */,
				541178481D87115A00818FD5 /* User.swift in Sources */,
			);
			runOnlyForDeploymentPostprocessing = 0;
		};
/* End PBXSourcesBuildPhase section */

/* Begin PBXVariantGroup section */
		541B7E871D7D089800DE7426 /* LaunchScreen.storyboard */ = {
			isa = PBXVariantGroup;
			children = (
				541B7E881D7D089800DE7426 /* Base */,
			);
			name = LaunchScreen.storyboard;
			sourceTree = "<group>";
		};
		541B7E891D7D089800DE7426 /* Main.storyboard */ = {
			isa = PBXVariantGroup;
			children = (
				541B7E8A1D7D089800DE7426 /* Base */,
			);
			name = Main.storyboard;
			sourceTree = "<group>";
		};
		541B7E8B1D7D089800DE7426 /* TestView.xib */ = {
			isa = PBXVariantGroup;
			children = (
				541B7E8C1D7D089800DE7426 /* Base */,
			);
			name = TestView.xib;
			sourceTree = "<group>";
		};
		F856E6181D85E04F00200E8B /* OverView.xib */ = {
			isa = PBXVariantGroup;
			children = (
				F856E6191D85E04F00200E8B /* Base */,
			);
			name = OverView.xib;
			sourceTree = "<group>";
		};
/* End PBXVariantGroup section */

/* Begin XCBuildConfiguration section */
		DAD368981C9C677B00EE5F12 /* Debug */ = {
			isa = XCBuildConfiguration;
			buildSettings = {
				ALWAYS_SEARCH_USER_PATHS = NO;
				CLANG_CXX_LANGUAGE_STANDARD = "gnu++0x";
				CLANG_CXX_LIBRARY = "libc++";
				CLANG_ENABLE_MODULES = YES;
				CLANG_ENABLE_OBJC_ARC = YES;
				CLANG_WARN_BOOL_CONVERSION = YES;
				CLANG_WARN_CONSTANT_CONVERSION = YES;
				CLANG_WARN_DIRECT_OBJC_ISA_USAGE = YES_ERROR;
				CLANG_WARN_EMPTY_BODY = YES;
				CLANG_WARN_ENUM_CONVERSION = YES;
				CLANG_WARN_INT_CONVERSION = YES;
				CLANG_WARN_OBJC_ROOT_CLASS = YES_ERROR;
				CLANG_WARN_UNREACHABLE_CODE = YES;
				CLANG_WARN__DUPLICATE_METHOD_MATCH = YES;
				"CODE_SIGN_IDENTITY[sdk=iphoneos*]" = "iPhone Developer";
				COPY_PHASE_STRIP = NO;
				DEBUG_INFORMATION_FORMAT = dwarf;
				ENABLE_STRICT_OBJC_MSGSEND = YES;
				ENABLE_TESTABILITY = YES;
				GCC_C_LANGUAGE_STANDARD = gnu99;
				GCC_DYNAMIC_NO_PIC = NO;
				GCC_NO_COMMON_BLOCKS = YES;
				GCC_OPTIMIZATION_LEVEL = 0;
				GCC_PREPROCESSOR_DEFINITIONS = (
					"DEBUG=1",
					"$(inherited)",
				);
				GCC_WARN_64_TO_32_BIT_CONVERSION = YES;
				GCC_WARN_ABOUT_RETURN_TYPE = YES_ERROR;
				GCC_WARN_UNDECLARED_SELECTOR = YES;
				GCC_WARN_UNINITIALIZED_AUTOS = YES_AGGRESSIVE;
				GCC_WARN_UNUSED_FUNCTION = YES;
				GCC_WARN_UNUSED_VARIABLE = YES;
				IPHONEOS_DEPLOYMENT_TARGET = 9.1;
				MTL_ENABLE_DEBUG_INFO = YES;
				ONLY_ACTIVE_ARCH = YES;
				SDKROOT = iphoneos;
				SWIFT_OPTIMIZATION_LEVEL = "-Onone";
			};
			name = Debug;
		};
		DAD368991C9C677B00EE5F12 /* Release */ = {
			isa = XCBuildConfiguration;
			buildSettings = {
				ALWAYS_SEARCH_USER_PATHS = NO;
				CLANG_CXX_LANGUAGE_STANDARD = "gnu++0x";
				CLANG_CXX_LIBRARY = "libc++";
				CLANG_ENABLE_MODULES = YES;
				CLANG_ENABLE_OBJC_ARC = YES;
				CLANG_WARN_BOOL_CONVERSION = YES;
				CLANG_WARN_CONSTANT_CONVERSION = YES;
				CLANG_WARN_DIRECT_OBJC_ISA_USAGE = YES_ERROR;
				CLANG_WARN_EMPTY_BODY = YES;
				CLANG_WARN_ENUM_CONVERSION = YES;
				CLANG_WARN_INT_CONVERSION = YES;
				CLANG_WARN_OBJC_ROOT_CLASS = YES_ERROR;
				CLANG_WARN_UNREACHABLE_CODE = YES;
				CLANG_WARN__DUPLICATE_METHOD_MATCH = YES;
				"CODE_SIGN_IDENTITY[sdk=iphoneos*]" = "iPhone Developer";
				COPY_PHASE_STRIP = NO;
				DEBUG_INFORMATION_FORMAT = "dwarf-with-dsym";
				ENABLE_NS_ASSERTIONS = NO;
				ENABLE_STRICT_OBJC_MSGSEND = YES;
				GCC_C_LANGUAGE_STANDARD = gnu99;
				GCC_NO_COMMON_BLOCKS = YES;
				GCC_WARN_64_TO_32_BIT_CONVERSION = YES;
				GCC_WARN_ABOUT_RETURN_TYPE = YES_ERROR;
				GCC_WARN_UNDECLARED_SELECTOR = YES;
				GCC_WARN_UNINITIALIZED_AUTOS = YES_AGGRESSIVE;
				GCC_WARN_UNUSED_FUNCTION = YES;
				GCC_WARN_UNUSED_VARIABLE = YES;
				IPHONEOS_DEPLOYMENT_TARGET = 9.1;
				MTL_ENABLE_DEBUG_INFO = NO;
				SDKROOT = iphoneos;
				VALIDATE_PRODUCT = YES;
			};
			name = Release;
		};
		DAD3689B1C9C677B00EE5F12 /* Debug */ = {
			isa = XCBuildConfiguration;
			baseConfigurationReference = ACCCFA98FA846C5D543B0CEA /* Pods-AcroYoga.debug.xcconfig */;
			buildSettings = {
				ASSETCATALOG_COMPILER_APPICON_NAME = AppIcon;
				CODE_SIGN_IDENTITY = "iPhone Distribution: Bazuji Publishing LLC (5G295RE9B9)";
				"CODE_SIGN_IDENTITY[sdk=iphoneos*]" = "iPhone Distribution: Bazuji Publishing LLC (5G295RE9B9)";
				ENABLE_BITCODE = NO;
				FRAMEWORK_SEARCH_PATHS = (
					"$(inherited)",
					"$(PROJECT_DIR)",
				);
				INFOPLIST_FILE = "$(SRCROOT)/AcroYoga/Info.plist";
				LD_RUNPATH_SEARCH_PATHS = "$(inherited) @executable_path/Frameworks";
				PRODUCT_BUNDLE_IDENTIFIER = com.vevazz.acroyoga.acroyoga;
				PRODUCT_NAME = AcroYoga;
				PROVISIONING_PROFILE = "fb5c1ffd-ad10-41bc-9507-7bfd5fa0164d";
				SWIFT_OBJC_BRIDGING_HEADER = "AcroYoga/Bridge-header.h";
			};
			name = Debug;
		};
		DAD3689C1C9C677B00EE5F12 /* Release */ = {
			isa = XCBuildConfiguration;
			baseConfigurationReference = 8521A4D43E6032375F8241A5 /* Pods-AcroYoga.release.xcconfig */;
			buildSettings = {
				ASSETCATALOG_COMPILER_APPICON_NAME = AppIcon;
				CODE_SIGN_IDENTITY = "iPhone Distribution: Bazuji Publishing LLC (5G295RE9B9)";
				"CODE_SIGN_IDENTITY[sdk=iphoneos*]" = "iPhone Distribution: Bazuji Publishing LLC (5G295RE9B9)";
				ENABLE_BITCODE = NO;
				FRAMEWORK_SEARCH_PATHS = (
					"$(inherited)",
					"$(PROJECT_DIR)",
				);
				INFOPLIST_FILE = "$(SRCROOT)/AcroYoga/Info.plist";
				LD_RUNPATH_SEARCH_PATHS = "$(inherited) @executable_path/Frameworks";
				PRODUCT_BUNDLE_IDENTIFIER = com.vevazz.acroyoga.acroyoga;
				PRODUCT_NAME = AcroYoga;
				PROVISIONING_PROFILE = "fb5c1ffd-ad10-41bc-9507-7bfd5fa0164d";
				SWIFT_OBJC_BRIDGING_HEADER = "AcroYoga/Bridge-header.h";
			};
			name = Release;
		};
/* End XCBuildConfiguration section */

/* Begin XCConfigurationList section */
		DAD368831C9C677B00EE5F12 /* Build configuration list for PBXProject "AcroYoga" */ = {
			isa = XCConfigurationList;
			buildConfigurations = (
				DAD368981C9C677B00EE5F12 /* Debug */,
				DAD368991C9C677B00EE5F12 /* Release */,
			);
			defaultConfigurationIsVisible = 0;
			defaultConfigurationName = Release;
		};
		DAD3689A1C9C677B00EE5F12 /* Build configuration list for PBXNativeTarget "AcroYoga" */ = {
			isa = XCConfigurationList;
			buildConfigurations = (
				DAD3689B1C9C677B00EE5F12 /* Debug */,
				DAD3689C1C9C677B00EE5F12 /* Release */,
			);
			defaultConfigurationIsVisible = 0;
			defaultConfigurationName = Release;
		};
/* End XCConfigurationList section */

/* Begin XCVersionGroup section */
		54063DE91D8701FA0036FCB5 /* AcroYoga.xcdatamodeld */ = {
			isa = XCVersionGroup;
			children = (
				54063DEA1D8701FA0036FCB5 /* AcroYoga.xcdatamodel */,
			);
			currentVersion = 54063DEA1D8701FA0036FCB5 /* AcroYoga.xcdatamodel */;
			path = AcroYoga.xcdatamodeld;
			sourceTree = "<group>";
			versionGroupType = wrapper.xcdatamodel;
		};
/* End XCVersionGroup section */
	};
	rootObject = DAD368801C9C677B00EE5F12 /* Project object */;
}
